# THIS IS AN AUTOGENERATED FILE. DO NOT EDIT THIS FILE DIRECTLY.
# yarn lockfile v1


"@octokit/auth-token@^2.4.4":
  "integrity" "sha512-BpGYsPgJt05M7/L/5FoE1PiAbdxXFZkX/3kDYcsvd1v6UhlnE5e96dTDr0ezX/EFwciQxf3cNV0loipsURU+WA=="
  "resolved" "https://registry.npmjs.org/@octokit/auth-token/-/auth-token-2.4.5.tgz"
  "version" "2.4.5"
  dependencies:
    "@octokit/types" "^6.0.3"

"@octokit/core@^3.2.3", "@octokit/core@>=2", "@octokit/core@>=3":
  "integrity" "sha512-+DCtPykGnvXKWWQI0E1XD+CCeWSBhB6kwItXqfFmNBlIlhczuDPbg+P6BtLnVBaRJDAjv+1mrUJuRsFSjktopg=="
  "resolved" "https://registry.npmjs.org/@octokit/core/-/core-3.2.5.tgz"
  "version" "3.2.5"
  dependencies:
    "@octokit/auth-token" "^2.4.4"
    "@octokit/graphql" "^4.5.8"
    "@octokit/request" "^5.4.12"
    "@octokit/types" "^6.0.3"
    "before-after-hook" "^2.1.0"
    "universal-user-agent" "^6.0.0"

"@octokit/endpoint@^6.0.1":
  "integrity" "sha512-7Cc8olaCoL/mtquB7j/HTbPM+sY6Ebr4k2X2y4JoXpVKQ7r5xB4iGQE0IoO58wIPsUk4AzoT65AMEpymSbWTgQ=="
  "resolved" "https://registry.npmjs.org/@octokit/endpoint/-/endpoint-6.0.6.tgz"
  "version" "6.0.6"
  dependencies:
    "@octokit/types" "^5.0.0"
    "is-plain-object" "^5.0.0"
    "universal-user-agent" "^6.0.0"

"@octokit/graphql@^4.5.8":
  "integrity" "sha512-CJ6n7izLFXLvPZaWzCQDjU/RP+vHiZmWdOunaCS87v+2jxMsW9FB5ktfIxybRBxZjxuJGRnxk7xJecWTVxFUYQ=="
  "resolved" "https://registry.npmjs.org/@octokit/graphql/-/graphql-4.6.0.tgz"
  "version" "4.6.0"
  dependencies:
    "@octokit/request" "^5.3.0"
    "@octokit/types" "^6.0.3"
    "universal-user-agent" "^6.0.0"

"@octokit/openapi-types@^5.1.0":
  "integrity" "sha512-bodZvSYgycbUuuKrC/anCBUExvaSSWzMMFz0xl7pcJujxnmGxvqvcFHktjx1ZOSyeNKLfYF0QCgibaHUGsZTng=="
  "resolved" "https://registry.npmjs.org/@octokit/openapi-types/-/openapi-types-5.1.0.tgz"
  "version" "5.1.0"

"@octokit/plugin-paginate-rest@^2.6.2":
  "integrity" "sha512-71OsKBSMcQEu/6lfVbhv5C5ikU1rn10rKot/WiV7do7fyfElQ2eCUQFogHPbj0ci5lnKAjvahOiMAr6lcvL8Qw=="
  "resolved" "https://registry.npmjs.org/@octokit/plugin-paginate-rest/-/plugin-paginate-rest-2.10.0.tgz"
  "version" "2.10.0"
  dependencies:
    "@octokit/types" "^6.10.0"

"@octokit/plugin-request-log@^1.0.2":
  "integrity" "sha512-4RFU4li238jMJAzLgAwkBAw+4Loile5haQMQr+uhFq27BmyJXcXSKvoQKqh0agsZEiUlW6iSv3FAgvmGkur7OQ=="
  "resolved" "https://registry.npmjs.org/@octokit/plugin-request-log/-/plugin-request-log-1.0.3.tgz"
  "version" "1.0.3"

"@octokit/plugin-rest-endpoint-methods@4.12.0":
  "integrity" "sha512-RgnQ1aoetdOJjZYC37LV5FNlL7GY/v1CdC5dur1Zp/UiADJlbRFbAz/xLx26ovXw67dK7EUtwCghS+6QyiI9RA=="
  "resolved" "https://registry.npmjs.org/@octokit/plugin-rest-endpoint-methods/-/plugin-rest-endpoint-methods-4.12.0.tgz"
  "version" "4.12.0"
  dependencies:
    "@octokit/types" "^6.10.0"
    "deprecation" "^2.3.1"

"@octokit/request-error@^2.0.0":
  "integrity" "sha512-2BrmnvVSV1MXQvEkrb9zwzP0wXFNbPJij922kYBTLIlIafukrGOb+ABBT2+c6wZiuyWDH1K1zmjGQ0toN/wMWw=="
  "resolved" "https://registry.npmjs.org/@octokit/request-error/-/request-error-2.0.2.tgz"
  "version" "2.0.2"
  dependencies:
    "@octokit/types" "^5.0.1"
    "deprecation" "^2.0.0"
    "once" "^1.4.0"

"@octokit/request@^5.3.0", "@octokit/request@^5.4.12":
  "integrity" "sha512-VkmtacOIQp9daSnBmDI92xNIeLuSRDOIuplp/CJomkvzt7M18NXgG044Cx/LFKLgjKt9T2tZR6AtJayba9GTSA=="
  "resolved" "https://registry.npmjs.org/@octokit/request/-/request-5.4.14.tgz"
  "version" "5.4.14"
  dependencies:
    "@octokit/endpoint" "^6.0.1"
    "@octokit/request-error" "^2.0.0"
    "@octokit/types" "^6.7.1"
    "deprecation" "^2.0.0"
    "is-plain-object" "^5.0.0"
    "node-fetch" "^2.6.1"
    "once" "^1.4.0"
    "universal-user-agent" "^6.0.0"

"@octokit/rest@^18.2.0":
  "integrity" "sha512-xsp6bIqL2sb/NmgLXTxw96caegobRw+YHnzdIi70ruquHtPPDW2cBAONhDYMUuAOeXx0JH2auOeplpk4SQJy1w=="
  "resolved" "https://registry.npmjs.org/@octokit/rest/-/rest-18.2.0.tgz"
  "version" "18.2.0"
  dependencies:
    "@octokit/core" "^3.2.3"
    "@octokit/plugin-paginate-rest" "^2.6.2"
    "@octokit/plugin-request-log" "^1.0.2"
    "@octokit/plugin-rest-endpoint-methods" "4.12.0"

"@octokit/types@^5.0.0":
  "integrity" "sha512-UZ1pErDue6bZNjYOotCNveTXArOMZQFG6hKJfOnGnulVCMcVVi7YIIuuR4WfBhjo7zgpmzn/BkPDnUXtNx+PcQ=="
  "resolved" "https://registry.npmjs.org/@octokit/types/-/types-5.5.0.tgz"
  "version" "5.5.0"
  dependencies:
    "@types/node" ">= 8"

"@octokit/types@^5.0.1":
  "integrity" "sha512-UZ1pErDue6bZNjYOotCNveTXArOMZQFG6hKJfOnGnulVCMcVVi7YIIuuR4WfBhjo7zgpmzn/BkPDnUXtNx+PcQ=="
  "resolved" "https://registry.npmjs.org/@octokit/types/-/types-5.5.0.tgz"
  "version" "5.5.0"
  dependencies:
    "@types/node" ">= 8"

"@octokit/types@^6.0.3", "@octokit/types@^6.10.0", "@octokit/types@^6.7.1":
  "integrity" "sha512-aMDo10kglofejJ96edCBIgQLVuzMDyjxmhdgEcoUUD64PlHYSrNsAGqN0wZtoiX4/PCQ3JLA50IpkP1bcKD/cA=="
  "resolved" "https://registry.npmjs.org/@octokit/types/-/types-6.10.0.tgz"
  "version" "6.10.0"
  dependencies:
    "@octokit/openapi-types" "^5.1.0"

"@types/node@>= 8":
  "integrity" "sha512-Onhn+z72D2O2Pb2ql2xukJ55rglumsVo1H6Fmyi8mlU9SvKdBk/pUSUAiBY/d9bAOF7VVWajX3sths/+g6ZiAQ=="
  "resolved" "https://registry.npmjs.org/@types/node/-/node-13.5.0.tgz"
  "version" "13.5.0"

"before-after-hook@^2.1.0":
  "integrity" "sha512-IWIbu7pMqyw3EAJHzzHbWa85b6oud/yfKYg5rqB5hNE8CeMi3nX+2C2sj0HswfblST86hpVEOAb9x34NZd6P7A=="
  "resolved" "https://registry.npmjs.org/before-after-hook/-/before-after-hook-2.1.0.tgz"
  "version" "2.1.0"

"deprecation@^2.0.0", "deprecation@^2.3.1":
  "integrity" "sha512-xmHIy4F3scKVwMsQ4WnVaS8bHOx0DmVwRywosKhaILI0ywMDWPtBSku2HNxRvF7jtwDRsoEwYQSfbxj8b7RlJQ=="
  "resolved" "https://registry.npmjs.org/deprecation/-/deprecation-2.3.1.tgz"
  "version" "2.3.1"

"growly@^1.3.0":
  "integrity" "sha1-8QdIy+dq+WS3yWyTxrzCivEgwIE="
  "resolved" "https://registry.npmjs.org/growly/-/growly-1.3.0.tgz"
  "version" "1.3.0"

"is-docker@^2.0.0":
  "integrity" "sha512-ZOoqiXfEwtGknTiuDEy8pN2CfE3TxMHprvNer1mXiqwkOT77Rw3YVrUQ52EqAOU3QAWDQ+bQdx7HJzrv7LS2Hw=="
  "resolved" "https://registry.npmjs.org/is-docker/-/is-docker-2.1.1.tgz"
  "version" "2.1.1"

"is-plain-object@^5.0.0":
  "integrity" "sha512-VRSzKkbMm5jMDoKLbltAkFQ5Qr7VDiTFGXxYFXXowVj387GeGNOCsOH6Msy00SGZ3Fp84b1Naa1psqgcCIEP5Q=="
  "resolved" "https://registry.npmjs.org/is-plain-object/-/is-plain-object-5.0.0.tgz"
  "version" "5.0.0"

"is-wsl@^2.2.0":
  "integrity" "sha512-fKzAra0rGJUUBwGBgNkHZuToZcn+TtXHpeCgmkMJMMYx1sQDYaCSyjJBSCa2nH1DGm7s3n1oBnohoVTBaN7Lww=="
  "resolved" "https://registry.npmjs.org/is-wsl/-/is-wsl-2.2.0.tgz"
  "version" "2.2.0"
  dependencies:
    "is-docker" "^2.0.0"

"isexe@^2.0.0":
  "integrity" "sha1-6PvzdNxVb/iUehDcsFctYz8s+hA="
  "resolved" "https://registry.npmjs.org/isexe/-/isexe-2.0.0.tgz"
  "version" "2.0.0"

"node-fetch@^2.6.1":
  "integrity" "sha512-V4aYg89jEoVRxRb2fJdAg8FHvI7cEyYdVAh94HH0UIK8oJxUfkjlDQN9RbMx+bEjP7+ggMiFRprSti032Oipxw=="
  "resolved" "https://registry.npmjs.org/node-fetch/-/node-fetch-2.6.1.tgz"
  "version" "2.6.1"

"node-notifier@^9.0.0":
  "integrity" "sha512-SkwNwGnMMlSPrcoeH4CSo9XyWe72acAHEJGDdPdB+CyBVHsIYaTQ4U/1wk3URsyzC75xZLg2vzU2YaALlqDF1Q=="
  "resolved" "https://registry.npmjs.org/node-notifier/-/node-notifier-9.0.0.tgz"
  "version" "9.0.0"
  dependencies:
    "growly" "^1.3.0"
    "is-wsl" "^2.2.0"
    "semver" "^7.3.2"
    "shellwords" "^0.1.1"
    "uuid" "^8.3.0"
    "which" "^2.0.2"

"once@^1.4.0":
  "integrity" "sha1-WDsap3WWHUsROsF9nFC6753Xa9E="
  "resolved" "https://registry.npmjs.org/once/-/once-1.4.0.tgz"
  "version" "1.4.0"
  dependencies:
    "wrappy" "1"

"polybar-helpers@1.0.2":
  "integrity" "sha512-WW9yjbIymbl5UeSnEp7IWPidpLzfgNWNkyuEFu5omwaBdCy6mljn+I5IO8jZtdTNxTG76nvSFlSwzABrhQuMKw=="
  "resolved" "https://registry.npmjs.org/polybar-helpers/-/polybar-helpers-1.0.2.tgz"
  "version" "1.0.2"
  dependencies:
    "tail" "2.0.1"

"semver@^7.3.2":
  "integrity" "sha512-OrOb32TeeambH6UrhtShmF7CRDqhL6/5XpPNp2DuRH6+9QLw/orhp72j87v8Qa1ScDkvrrBNpZcDejAirJmfXQ=="
  "resolved" "https://registry.npmjs.org/semver/-/semver-7.3.2.tgz"
  "version" "7.3.2"

"shellwords@^0.1.1":
  "integrity" "sha512-vFwSUfQvqybiICwZY5+DAWIPLKsWO31Q91JSKl3UYv+K5c2QRPzn0qzec6QPu1Qc9eHYItiP3NdJqNVqetYAww=="
  "resolved" "https://registry.npmjs.org/shellwords/-/shellwords-0.1.1.tgz"
  "version" "0.1.1"

"tail@2.0.1":
  "integrity" "sha512-9vPPjlv63kuIHLKVR7T65ey3CeukjcWA3f/JnfPyFd1KPSqWMh3qWyz2M5T7osAYQNYlaYtddovJ/X27tL0w1w=="
  "resolved" "https://registry.npmjs.org/tail/-/tail-2.0.1.tgz"
  "version" "2.0.1"

"universal-user-agent@^6.0.0":
  "integrity" "sha512-isyNax3wXoKaulPDZWHQqbmIx1k2tb9fb3GGDBRxCscfYV2Ch7WxPArBsFEG8s/safwXTT7H4QGhaIkTp9447w=="
  "resolved" "https://registry.npmjs.org/universal-user-agent/-/universal-user-agent-6.0.0.tgz"
  "version" "6.0.0"

"uuid@^8.3.0":
  "integrity" "sha512-fX6Z5o4m6XsXBdli9g7DtWgAx+osMsRRZFKma1mIUsLCz6vRvv+pz5VNbyu9UEDzpMWulZfvpgb/cmDXVulYFQ=="
  "resolved" "https://registry.npmjs.org/uuid/-/uuid-8.3.0.tgz"
  "version" "8.3.0"

"which@^2.0.2":
  "integrity" "sha512-BLI3Tl1TW3Pvl70l3yq3Y64i+awpwXqsGBYWkkqMtnbXgrMD+yj7rhW0kuEDxzJaYXGjEW5ogapKNMEKNMjibA=="
  "resolved" "https://registry.npmjs.org/which/-/which-2.0.2.tgz"
  "version" "2.0.2"
  dependencies:
    "isexe" "^2.0.0"

"wrappy@1":
  "integrity" "sha1-tSQ9jz7BqjXxNkYFvA0QNuMKtp8="
  "resolved" "https://registry.npmjs.org/wrappy/-/wrappy-1.0.2.tgz"
  "version" "1.0.2"
