# THIS IS AN AUTOGENERATED FILE. DO NOT EDIT THIS FILE DIRECTLY.
# yarn lockfile v1


"@octokit/endpoint@^3.1.1":
  version "3.1.1"
  resolved "https://registry.yarnpkg.com/@octokit/endpoint/-/endpoint-3.1.1.tgz#ede9afefaa4d6b7584169e12346425c6fbb45cc3"
  dependencies:
    deepmerge "3.0.0"
    is-plain-object "^2.0.4"
    universal-user-agent "^2.0.1"
    url-template "^2.0.8"

"@octokit/request@2.3.0":
  version "2.3.0"
  resolved "https://registry.yarnpkg.com/@octokit/request/-/request-2.3.0.tgz#da2672308bcf0b9376ef66f51bddbe5eb87cc00a"
  dependencies:
    "@octokit/endpoint" "^3.1.1"
    is-plain-object "^2.0.4"
    node-fetch "^2.3.0"
    universal-user-agent "^2.0.1"

"@octokit/rest@16.12.0":
  version "16.12.0"
  resolved "https://registry.yarnpkg.com/@octokit/rest/-/rest-16.12.0.tgz#e56c2f3804a1144fc82ce25fa1d3d4c04b7921fd"
  dependencies:
    "@octokit/request" "2.3.0"
    before-after-hook "^1.2.0"
    btoa-lite "^1.0.0"
    lodash.get "^4.4.2"
    lodash.set "^4.3.2"
    lodash.uniq "^4.5.0"
    octokit-pagination-methods "^1.1.0"
    universal-user-agent "^2.0.0"
    url-template "^2.0.8"

before-after-hook@^1.2.0:
  version "1.2.0"
  resolved "https://registry.yarnpkg.com/before-after-hook/-/before-after-hook-1.2.0.tgz#1079c10312cd4d4ad0d1676d37951ef8bfc3a563"

btoa-lite@^1.0.0:
  version "1.0.0"
  resolved "https://registry.yarnpkg.com/btoa-lite/-/btoa-lite-1.0.0.tgz#337766da15801210fdd956c22e9c6891ab9d0337"

cross-spawn@^6.0.0:
  version "6.0.5"
  resolved "https://registry.yarnpkg.com/cross-spawn/-/cross-spawn-6.0.5.tgz#4a5ec7c64dfae22c3a14124dbacdee846d80cbc4"
  dependencies:
    nice-try "^1.0.4"
    path-key "^2.0.1"
    semver "^5.5.0"
    shebang-command "^1.2.0"
    which "^1.2.9"

deepmerge@3.0.0:
  version "3.0.0"
  resolved "https://registry.yarnpkg.com/deepmerge/-/deepmerge-3.0.0.tgz#ca7903b34bfa1f8c2eab6779280775a411bfc6ba"

execa@^0.10.0:
  version "0.10.0"
  resolved "https://registry.yarnpkg.com/execa/-/execa-0.10.0.tgz#ff456a8f53f90f8eccc71a96d11bdfc7f082cb50"
  dependencies:
    cross-spawn "^6.0.0"
    get-stream "^3.0.0"
    is-stream "^1.1.0"
    npm-run-path "^2.0.0"
    p-finally "^1.0.0"
    signal-exit "^3.0.0"
    strip-eof "^1.0.0"

get-stream@^3.0.0:
  version "3.0.0"
  resolved "http://registry.npmjs.org/get-stream/-/get-stream-3.0.0.tgz#8e943d1358dc37555054ecbe2edb05aa174ede14"

growly@^1.3.0:
  version "1.3.0"
  resolved "https://registry.yarnpkg.com/growly/-/growly-1.3.0.tgz#f10748cbe76af964b7c96c93c6bcc28af120c081"

is-plain-object@^2.0.4:
  version "2.0.4"
  resolved "https://registry.yarnpkg.com/is-plain-object/-/is-plain-object-2.0.4.tgz#2c163b3fafb1b606d9d17928f05c2a1c38e07677"
  dependencies:
    isobject "^3.0.1"

is-stream@^1.1.0:
  version "1.1.0"
  resolved "https://registry.yarnpkg.com/is-stream/-/is-stream-1.1.0.tgz#12d4a3dd4e68e0b79ceb8dbc84173ae80d91ca44"

is-wsl@^1.1.0:
  version "1.1.0"
  resolved "https://registry.yarnpkg.com/is-wsl/-/is-wsl-1.1.0.tgz#1f16e4aa22b04d1336b66188a66af3c600c3a66d"

isexe@^2.0.0:
  version "2.0.0"
  resolved "https://registry.yarnpkg.com/isexe/-/isexe-2.0.0.tgz#e8fbf374dc556ff8947a10dcb0572d633f2cfa10"

isobject@^3.0.1:
  version "3.0.1"
  resolved "https://registry.yarnpkg.com/isobject/-/isobject-3.0.1.tgz#4e431e92b11a9731636aa1f9c8d1ccbcfdab78df"

lodash.get@^4.4.2:
  version "4.4.2"
  resolved "https://registry.yarnpkg.com/lodash.get/-/lodash.get-4.4.2.tgz#2d177f652fa31e939b4438d5341499dfa3825e99"

lodash.set@^4.3.2:
  version "4.3.2"
  resolved "https://registry.yarnpkg.com/lodash.set/-/lodash.set-4.3.2.tgz#d8757b1da807dde24816b0d6a84bea1a76230b23"

lodash.uniq@^4.5.0:
  version "4.5.0"
  resolved "https://registry.yarnpkg.com/lodash.uniq/-/lodash.uniq-4.5.0.tgz#d0225373aeb652adc1bc82e4945339a842754773"

macos-release@^2.0.0:
  version "2.0.0"
  resolved "https://registry.yarnpkg.com/macos-release/-/macos-release-2.0.0.tgz#7dddf4caf79001a851eb4fba7fb6034f251276ab"

nice-try@^1.0.4:
  version "1.0.5"
  resolved "https://registry.yarnpkg.com/nice-try/-/nice-try-1.0.5.tgz#a3378a7696ce7d223e88fc9b764bd7ef1089e366"

node-fetch@^2.3.0:
  version "2.3.0"
  resolved "https://registry.yarnpkg.com/node-fetch/-/node-fetch-2.3.0.tgz#1a1d940bbfb916a1d3e0219f037e89e71f8c5fa5"

node-notifier@5.4.3:
  version "5.4.3"
  resolved "https://registry.yarnpkg.com/node-notifier/-/node-notifier-5.4.3.tgz#cb72daf94c93904098e28b9c590fd866e464bd50"
  dependencies:
    growly "^1.3.0"
    is-wsl "^1.1.0"
    semver "^5.5.0"
    shellwords "^0.1.1"
    which "^1.3.0"

npm-run-path@^2.0.0:
  version "2.0.2"
  resolved "https://registry.yarnpkg.com/npm-run-path/-/npm-run-path-2.0.2.tgz#35a9232dfa35d7067b4cb2ddf2357b1871536c5f"
  dependencies:
    path-key "^2.0.0"

octokit-pagination-methods@^1.1.0:
  version "1.1.0"
  resolved "https://registry.yarnpkg.com/octokit-pagination-methods/-/octokit-pagination-methods-1.1.0.tgz#cf472edc9d551055f9ef73f6e42b4dbb4c80bea4"

os-name@^3.0.0:
  version "3.0.0"
  resolved "https://registry.yarnpkg.com/os-name/-/os-name-3.0.0.tgz#e1434dbfddb8e74b44c98b56797d951b7648a5d9"
  dependencies:
    macos-release "^2.0.0"
    windows-release "^3.1.0"

p-finally@^1.0.0:
  version "1.0.0"
  resolved "https://registry.yarnpkg.com/p-finally/-/p-finally-1.0.0.tgz#3fbcfb15b899a44123b34b6dcc18b724336a2cae"

path-key@^2.0.0, path-key@^2.0.1:
  version "2.0.1"
  resolved "https://registry.yarnpkg.com/path-key/-/path-key-2.0.1.tgz#411cadb574c5a140d3a4b1910d40d80cc9f40b40"

polybar-helpers@1.0.2:
  version "1.0.2"
  resolved "https://registry.yarnpkg.com/polybar-helpers/-/polybar-helpers-1.0.2.tgz#b8fb327fb73be5832913b39f5cb3f458579bdf7a"
  dependencies:
    tail "2.0.1"

semver@^5.5.0:
  version "5.6.0"
  resolved "https://registry.yarnpkg.com/semver/-/semver-5.6.0.tgz#7e74256fbaa49c75aa7c7a205cc22799cac80004"

shebang-command@^1.2.0:
  version "1.2.0"
  resolved "https://registry.yarnpkg.com/shebang-command/-/shebang-command-1.2.0.tgz#44aac65b695b03398968c39f363fee5deafdf1ea"
  dependencies:
    shebang-regex "^1.0.0"

shebang-regex@^1.0.0:
  version "1.0.0"
  resolved "https://registry.yarnpkg.com/shebang-regex/-/shebang-regex-1.0.0.tgz#da42f49740c0b42db2ca9728571cb190c98efea3"

shellwords@^0.1.1:
  version "0.1.1"
  resolved "https://registry.yarnpkg.com/shellwords/-/shellwords-0.1.1.tgz#d6b9181c1a48d397324c84871efbcfc73fc0654b"

signal-exit@^3.0.0:
  version "3.0.2"
  resolved "https://registry.yarnpkg.com/signal-exit/-/signal-exit-3.0.2.tgz#b5fdc08f1287ea1178628e415e25132b73646c6d"

strip-eof@^1.0.0:
  version "1.0.0"
  resolved "http://registry.npmjs.org/strip-eof/-/strip-eof-1.0.0.tgz#bb43ff5598a6eb05d89b59fcd129c983313606bf"

tail@2.0.1:
  version "2.0.1"
  resolved "https://registry.yarnpkg.com/tail/-/tail-2.0.1.tgz#f4cd9d514512e77d0eb2aaacd5520d578fe20271"

universal-user-agent@^2.0.0, universal-user-agent@^2.0.1:
  version "2.0.2"
  resolved "https://registry.yarnpkg.com/universal-user-agent/-/universal-user-agent-2.0.2.tgz#b0322da546100c658adcf4965110a56ed238aee6"
  dependencies:
    os-name "^3.0.0"

url-template@^2.0.8:
  version "2.0.8"
  resolved "https://registry.yarnpkg.com/url-template/-/url-template-2.0.8.tgz#fc565a3cccbff7730c775f5641f9555791439f21"

which@^1.2.9, which@^1.3.0:
  version "1.3.1"
  resolved "https://registry.yarnpkg.com/which/-/which-1.3.1.tgz#a45043d54f5805316da8d62f9f50918d3da70b0a"
  dependencies:
    isexe "^2.0.0"

windows-release@^3.1.0:
  version "3.1.0"
  resolved "https://registry.yarnpkg.com/windows-release/-/windows-release-3.1.0.tgz#8d4a7e266cbf5a233f6c717dac19ce00af36e12e"
  dependencies:
    execa "^0.10.0"
